
Microsoft Visual Studio Solution File, Format Version 12.00
# Visual Studio Version 17
VisualStudioVersion = 17.3.32804.467
MinimumVisualStudioVersion = 10.0.40219.1
Project("{FAE04EC0-301F-11D3-BF4B-00C04F79EFBC}") = "Bruteforce.ConsoleApp", "Bruteforce.ConsoleApp\Bruteforce.ConsoleApp.csproj", "{09A9F1F4-8079-4595-95E7-68FC8EBA2D8B}"
EndProject
Global
	GlobalSection(SolutionConfigurationPlatforms) = preSolution
		Debug|Any CPU = Debug|Any CPU
		Release|Any CPU = Release|Any CPU
	EndGlobalSection
	GlobalSection(ProjectConfigurationPlatforms) = postSolution
		{09A9F1F4-8079-4595-95E7-68FC8EBA2D8B}.Debug|Any CPU.ActiveCfg = Debug|Any CPU
		{09A9F1F4-8079-4595-95E7-68FC8EBA2D8B}.Debug|Any CPU.Build.0 = Debug|Any CPU
		{09A9F1F4-8079-4595-95E7-68FC8EBA2D8B}.Release|Any CPU.ActiveCfg = Release|Any CPU
		{09A9F1F4-8079-4595-95E7-68FC8EBA2D8B}.Release|Any CPU.Build.0 = Release|Any CPU
	EndGlobalSection
	GlobalSection(SolutionProperties) = preSolution
		HideSolutionNode = FALSE
	EndGlobalSection
	GlobalSection(ExtensibilityGlobals) = postSolution
		SolutionGuid = {FE64CB0D-70F9-4F2D-A490-65187DFDCF67}
	EndGlobalSection
EndGlobal
